
Microsoft Visual Studio Solution File, Format Version 12.00
# Visual Studio Version 16
VisualStudioVersion = 16.0.29911.84
MinimumVisualStudioVersion = 10.0.40219.1
Project("{FAE04EC0-301F-11D3-BF4B-00C04F79EFBC}") = "COVID-19", "COVID-19\COVID-19.csproj", "{9FCAD453-771E-4A57-9C35-3665DA8DA962}"
EndProject
Global
	GlobalSection(SolutionConfigurationPlatforms) = preSolution
		Debug|Any CPU = Debug|Any CPU
		Release|Any CPU = Release|Any CPU
	EndGlobalSection
	GlobalSection(ProjectConfigurationPlatforms) = postSolution
		{9FCAD453-771E-4A57-9C35-3665DA8DA962}.Debug|Any CPU.ActiveCfg = Debug|Any CPU
		{9FCAD453-771E-4A57-9C35-3665DA8DA962}.Debug|Any CPU.Build.0 = Debug|Any CPU
		{9FCAD453-771E-4A57-9C35-3665DA8DA962}.Release|Any CPU.ActiveCfg = Release|Any CPU
		{9FCAD453-771E-4A57-9C35-3665DA8DA962}.Release|Any CPU.Build.0 = Release|Any CPU
	EndGlobalSection
	GlobalSection(SolutionProperties) = preSolution
		HideSolutionNode = FALSE
	EndGlobalSection
	GlobalSection(ExtensibilityGlobals) = postSolution
		SolutionGuid = {488A12FB-A282-4AD4-92FB-C3EA3A8419BD}
	EndGlobalSection
EndGlobal
